// !$*UTF8*$!
{
	archiveVersion = 1;
	classes = {
	};
	objectVersion = 50;
	objects = {

/* Begin PBXBuildFile section */
		1D277BC324FA798F00B85516 /* Reachability.swift in Sources */ = {isa = PBXBuildFile; fileRef = 1D277BC224FA798F00B85516 /* Reachability.swift */; };
		1D9A616724FC131D0060186B /* Model.swift in Sources */ = {isa = PBXBuildFile; fileRef = 1D9A616624FC131D0060186B /* Model.swift */; };
		1D9A616C24FC1DE40060186B /* IReachability.swift in Sources */ = {isa = PBXBuildFile; fileRef = 1D9A616B24FC1DE40060186B /* IReachability.swift */; };
		1DC44ADB24F970F900935C7C /* AlertController.swift in Sources */ = {isa = PBXBuildFile; fileRef = 1DC44ADA24F970F900935C7C /* AlertController.swift */; };
		1DDAB30124F940CB00371954 /* AppDelegate.swift in Sources */ = {isa = PBXBuildFile; fileRef = 1DDAB30024F940CB00371954 /* AppDelegate.swift */; };
		1DDAB30324F940CB00371954 /* SceneDelegate.swift in Sources */ = {isa = PBXBuildFile; fileRef = 1DDAB30224F940CB00371954 /* SceneDelegate.swift */; };
		1DDAB30524F940CB00371954 /* ViewController.swift in Sources */ = {isa = PBXBuildFile; fileRef = 1DDAB30424F940CB00371954 /* ViewController.swift */; };
		1DDAB30824F940CB00371954 /* Main.storyboard in Resources */ = {isa = PBXBuildFile; fileRef = 1DDAB30624F940CB00371954 /* Main.storyboard */; };
		1DDAB30A24F940CF00371954 /* Assets.xcassets in Resources */ = {isa = PBXBuildFile; fileRef = 1DDAB30924F940CF00371954 /* Assets.xcassets */; };
		1DDAB30D24F940CF00371954 /* LaunchScreen.storyboard in Resources */ = {isa = PBXBuildFile; fileRef = 1DDAB30B24F940CF00371954 /* LaunchScreen.storyboard */; };
/* End PBXBuildFile section */

/* Begin PBXFileReference section */
		1D277BC224FA798F00B85516 /* Reachability.swift */ = {isa = PBXFileReference; lastKnownFileType = sourcecode.swift; path = Reachability.swift; sourceTree = "<group>"; };
		1D9A616624FC131D0060186B /* Model.swift */ = {isa = PBXFileReference; lastKnownFileType = sourcecode.swift; path = Model.swift; sourceTree = "<group>"; };
		1D9A616B24FC1DE40060186B /* IReachability.swift */ = {isa = PBXFileReference; lastKnownFileType = sourcecode.swift; path = IReachability.swift; sourceTree = "<group>"; };
		1DC44ADA24F970F900935C7C /* AlertController.swift */ = {isa = PBXFileReference; lastKnownFileType = sourcecode.swift; path = AlertController.swift; sourceTree = "<group>"; };
		1DDAB2FD24F940CB00371954 /* Smitskiy A.D. (Stocks).app */ = {isa = PBXFileReference; explicitFileType = wrapper.application; includeInIndex = 0; path = "Smitskiy A.D. (Stocks).app"; sourceTree = BUILT_PRODUCTS_DIR; };
		1DDAB30024F940CB00371954 /* AppDelegate.swift */ = {isa = PBXFileReference; lastKnownFileType = sourcecode.swift; path = AppDelegate.swift; sourceTree = "<group>"; };
		1DDAB30224F940CB00371954 /* SceneDelegate.swift */ = {isa = PBXFileReference; lastKnownFileType = sourcecode.swift; path = SceneDelegate.swift; sourceTree = "<group>"; };
		1DDAB30424F940CB00371954 /* ViewController.swift */ = {isa = PBXFileReference; lastKnownFileType = sourcecode.swift; path = ViewController.swift; sourceTree = "<group>"; };
		1DDAB30724F940CB00371954 /* Base */ = {isa = PBXFileReference; lastKnownFileType = file.storyboard; name = Base; path = Base.lproj/Main.storyboard; sourceTree = "<group>"; };
		1DDAB30924F940CF00371954 /* Assets.xcassets */ = {isa = PBXFileReference; lastKnownFileType = folder.assetcatalog; path = Assets.xcassets; sourceTree = "<group>"; };
		1DDAB30C24F940CF00371954 /* Base */ = {isa = PBXFileReference; lastKnownFileType = file.storyboard; name = Base; path = Base.lproj/LaunchScreen.storyboard; sourceTree = "<group>"; };
		1DDAB30E24F940CF00371954 /* Info.plist */ = {isa = PBXFileReference; lastKnownFileType = text.plist.xml; path = Info.plist; sourceTree = "<group>"; };
/* End PBXFileReference section */

/* Begin PBXFrameworksBuildPhase section */
		1DDAB2FA24F940CB00371954 /* Frameworks */ = {
			isa = PBXFrameworksBuildPhase;
			buildActionMask = 2147483647;
			files = (
			);
			runOnlyForDeploymentPostprocessing = 0;
		};
/* End PBXFrameworksBuildPhase section */

/* Begin PBXGroup section */
		1D9A616824FC1D910060186B /* Reachability */ = {
			isa = PBXGroup;
			children = (
				1D9A616B24FC1DE40060186B /* IReachability.swift */,
				1D277BC224FA798F00B85516 /* Reachability.swift */,
			);
			path = Reachability;
			sourceTree = "<group>";
		};
		1D9A616924FC1DAF0060186B /* Core */ = {
			isa = PBXGroup;
			children = (
				1D9A616A24FC1DBA0060186B /* Network */,
			);
			path = Core;
			sourceTree = "<group>";
		};
		1D9A616A24FC1DBA0060186B /* Network */ = {
			isa = PBXGroup;
			children = (
				1D9A616824FC1D910060186B /* Reachability */,
			);
			path = Network;
			sourceTree = "<group>";
		};
		1DDAB2F424F940CB00371954 = {
			isa = PBXGroup;
			children = (
				1DDAB2FF24F940CB00371954 /* Smitskiy A.D. (Stocks) */,
				1DDAB2FE24F940CB00371954 /* Products */,
			);
			sourceTree = "<group>";
		};
		1DDAB2FE24F940CB00371954 /* Products */ = {
			isa = PBXGroup;
			children = (
				1DDAB2FD24F940CB00371954 /* Smitskiy A.D. (Stocks).app */,
			);
			name = Products;
			sourceTree = "<group>";
		};
		1DDAB2FF24F940CB00371954 /* Smitskiy A.D. (Stocks) */ = {
			isa = PBXGroup;
			children = (
				1DDAB30024F940CB00371954 /* AppDelegate.swift */,
				1DDAB30224F940CB00371954 /* SceneDelegate.swift */,
				1DDAB31424F9413B00371954 /* Main */,
				1D9A616924FC1DAF0060186B /* Core */,
				1DDAB31824F9415200371954 /* Helpers */,
				1DDAB31B24F9416900371954 /* Supports */,
				1DDAB31A24F9415D00371954 /* Storyboard */,
			);
			path = "Smitskiy A.D. (Stocks)";
			sourceTree = "<group>";
		};
		1DDAB31424F9413B00371954 /* Main */ = {
			isa = PBXGroup;
			children = (
				1DDAB31724F9414700371954 /* Controller */,
				1DDAB31624F9414300371954 /* View */,
				1DDAB31524F9414000371954 /* Model */,
			);
			path = Main;
			sourceTree = "<group>";
		};
		1DDAB31524F9414000371954 /* Model */ = {
			isa = PBXGroup;
			children = (
				1D9A616624FC131D0060186B /* Model.swift */,
			);
			path = Model;
			sourceTree = "<group>";
		};
		1DDAB31624F9414300371954 /* View */ = {
			isa = PBXGroup;
			children = (
			);
			path = View;
			sourceTree = "<group>";
		};
		1DDAB31724F9414700371954 /* Controller */ = {
			isa = PBXGroup;
			children = (
				1DDAB30424F940CB00371954 /* ViewController.swift */,
			);
			path = Controller;
			sourceTree = "<group>";
		};
		1DDAB31824F9415200371954 /* Helpers */ = {
			isa = PBXGroup;
			children = (
				1DDAB31924F9415600371954 /* Extensions */,
			);
			path = Helpers;
			sourceTree = "<group>";
		};
		1DDAB31924F9415600371954 /* Extensions */ = {
			isa = PBXGroup;
			children = (
				1DC44ADA24F970F900935C7C /* AlertController.swift */,
			);
			path = Extensions;
			sourceTree = "<group>";
		};
		1DDAB31A24F9415D00371954 /* Storyboard */ = {
			isa = PBXGroup;
			children = (
				1DDAB30B24F940CF00371954 /* LaunchScreen.storyboard */,
				1DDAB30624F940CB00371954 /* Main.storyboard */,
			);
			path = Storyboard;
			sourceTree = "<group>";
		};
		1DDAB31B24F9416900371954 /* Supports */ = {
			isa = PBXGroup;
			children = (
				1DDAB30924F940CF00371954 /* Assets.xcassets */,
				1DDAB30E24F940CF00371954 /* Info.plist */,
			);
			path = Supports;
			sourceTree = "<group>";
		};
/* End PBXGroup section */

/* Begin PBXNativeTarget section */
		1DDAB2FC24F940CB00371954 /* Smitskiy A.D. (Stocks) */ = {
			isa = PBXNativeTarget;
			buildConfigurationList = 1DDAB31124F940D000371954 /* Build configuration list for PBXNativeTarget "Smitskiy A.D. (Stocks)" */;
			buildPhases = (
				1DDAB2F924F940CB00371954 /* Sources */,
				1DDAB2FA24F940CB00371954 /* Frameworks */,
				1DDAB2FB24F940CB00371954 /* Resources */,
			);
			buildRules = (
			);
			dependencies = (
			);
			name = "Smitskiy A.D. (Stocks)";
			productName = "Smitskiy A.D. (Stocks)";
			productReference = 1DDAB2FD24F940CB00371954 /* Smitskiy A.D. (Stocks).app */;
			productType = "com.apple.product-type.application";
		};
/* End PBXNativeTarget section */

/* Begin PBXProject section */
		1DDAB2F524F940CB00371954 /* Project object */ = {
			isa = PBXProject;
			attributes = {
				LastSwiftUpdateCheck = 1140;
				LastUpgradeCheck = 1140;
				ORGANIZATIONNAME = "Смицкий А.Д.";
				TargetAttributes = {
					1DDAB2FC24F940CB00371954 = {
						CreatedOnToolsVersion = 11.4.1;
					};
				};
			};
			buildConfigurationList = 1DDAB2F824F940CB00371954 /* Build configuration list for PBXProject "Smitskiy A.D. (Stocks)" */;
			compatibilityVersion = "Xcode 9.3";
			developmentRegion = en;
			hasScannedForEncodings = 0;
			knownRegions = (
				en,
				Base,
			);
			mainGroup = 1DDAB2F424F940CB00371954;
			productRefGroup = 1DDAB2FE24F940CB00371954 /* Products */;
			projectDirPath = "";
			projectRoot = "";
			targets = (
				1DDAB2FC24F940CB00371954 /* Smitskiy A.D. (Stocks) */,
			);
		};
/* End PBXProject section */

/* Begin PBXResourcesBuildPhase section */
		1DDAB2FB24F940CB00371954 /* Resources */ = {
			isa = PBXResourcesBuildPhase;
			buildActionMask = 2147483647;
			files = (
				1DDAB30D24F940CF00371954 /* LaunchScreen.storyboard in Resources */,
				1DDAB30A24F940CF00371954 /* Assets.xcassets in Resources */,
				1DDAB30824F940CB00371954 /* Main.storyboard in Resources */,
			);
			runOnlyForDeploymentPostprocessing = 0;
		};
/* End PBXResourcesBuildPhase section */

/* Begin PBXSourcesBuildPhase section */
		1DDAB2F924F940CB00371954 /* Sources */ = {
			isa = PBXSourcesBuildPhase;
			buildActionMask = 2147483647;
			files = (
				1DC44ADB24F970F900935C7C /* AlertController.swift in Sources */,
				1DDAB30524F940CB00371954 /* ViewController.swift in Sources */,
				1D9A616C24FC1DE40060186B /* IReachability.swift in Sources */,
				1DDAB30124F940CB00371954 /* AppDelegate.swift in Sources */,
				1D9A616724FC131D0060186B /* Model.swift in Sources */,
				1D277BC324FA798F00B85516 /* Reachability.swift in Sources */,
				1DDAB30324F940CB00371954 /* SceneDelegate.swift in Sources */,
			);
			runOnlyForDeploymentPostprocessing = 0;
		};
/* End PBXSourcesBuildPhase section */

/* Begin PBXVariantGroup section */
		1DDAB30624F940CB00371954 /* Main.storyboard */ = {
			isa = PBXVariantGroup;
			children = (
				1DDAB30724F940CB00371954 /* Base */,
			);
			name = Main.storyboard;
			sourceTree = "<group>";
		};
		1DDAB30B24F940CF00371954 /* LaunchScreen.storyboard */ = {
			isa = PBXVariantGroup;
			children = (
				1DDAB30C24F940CF00371954 /* Base */,
			);
			name = LaunchScreen.storyboard;
			sourceTree = "<group>";
		};
/* End PBXVariantGroup section */

/* Begin XCBuildConfiguration section */
		1DDAB30F24F940D000371954 /* Debug */ = {
			isa = XCBuildConfiguration;
			buildSettings = {
				ALWAYS_SEARCH_USER_PATHS = NO;
				CLANG_ANALYZER_NONNULL = YES;
				CLANG_ANALYZER_NUMBER_OBJECT_CONVERSION = YES_AGGRESSIVE;
				CLANG_CXX_LANGUAGE_STANDARD = "gnu++14";
				CLANG_CXX_LIBRARY = "libc++";
				CLANG_ENABLE_MODULES = YES;
				CLANG_ENABLE_OBJC_ARC = YES;
				CLANG_ENABLE_OBJC_WEAK = YES;
				CLANG_WARN_BLOCK_CAPTURE_AUTORELEASING = YES;
				CLANG_WARN_BOOL_CONVERSION = YES;
				CLANG_WARN_COMMA = YES;
				CLANG_WARN_CONSTANT_CONVERSION = YES;
				CLANG_WARN_DEPRECATED_OBJC_IMPLEMENTATIONS = YES;
				CLANG_WARN_DIRECT_OBJC_ISA_USAGE = YES_ERROR;
				CLANG_WARN_DOCUMENTATION_COMMENTS = YES;
				CLANG_WARN_EMPTY_BODY = YES;
				CLANG_WARN_ENUM_CONVERSION = YES;
				CLANG_WARN_INFINITE_RECURSION = YES;
				CLANG_WARN_INT_CONVERSION = YES;
				CLANG_WARN_NON_LITERAL_NULL_CONVERSION = YES;
				CLANG_WARN_OBJC_IMPLICIT_RETAIN_SELF = YES;
				CLANG_WARN_OBJC_LITERAL_CONVERSION = YES;
				CLANG_WARN_OBJC_ROOT_CLASS = YES_ERROR;
				CLANG_WARN_RANGE_LOOP_ANALYSIS = YES;
				CLANG_WARN_STRICT_PROTOTYPES = YES;
				CLANG_WARN_SUSPICIOUS_MOVE = YES;
				CLANG_WARN_UNGUARDED_AVAILABILITY = YES_AGGRESSIVE;
				CLANG_WARN_UNREACHABLE_CODE = YES;
				CLANG_WARN__DUPLICATE_METHOD_MATCH = YES;
				COPY_PHASE_STRIP = NO;
				DEBUG_INFORMATION_FORMAT = dwarf;
				ENABLE_STRICT_OBJC_MSGSEND = YES;
				ENABLE_TESTABILITY = YES;
				GCC_C_LANGUAGE_STANDARD = gnu11;
				GCC_DYNAMIC_NO_PIC = NO;
				GCC_NO_COMMON_BLOCKS = YES;
				GCC_OPTIMIZATION_LEVEL = 0;
				GCC_PREPROCESSOR_DEFINITIONS = (
					"DEBUG=1",
					"$(inherited)",
				);
				GCC_WARN_64_TO_32_BIT_CONVERSION = YES;
				GCC_WARN_ABOUT_RETURN_TYPE = YES_ERROR;
				GCC_WARN_UNDECLARED_SELECTOR = YES;
				GCC_WARN_UNINITIALIZED_AUTOS = YES_AGGRESSIVE;
				GCC_WARN_UNUSED_FUNCTION = YES;
				GCC_WARN_UNUSED_VARIABLE = YES;
				IPHONEOS_DEPLOYMENT_TARGET = 13.4;
				MTL_ENABLE_DEBUG_INFO = INCLUDE_SOURCE;
				MTL_FAST_MATH = YES;
				ONLY_ACTIVE_ARCH = YES;
				SDKROOT = iphoneos;
				SWIFT_ACTIVE_COMPILATION_CONDITIONS = DEBUG;
				SWIFT_OPTIMIZATION_LEVEL = "-Onone";
			};
			name = Debug;
		};
		1DDAB31024F940D000371954 /* Release */ = {
			isa = XCBuildConfiguration;
			buildSettings = {
				ALWAYS_SEARCH_USER_PATHS = NO;
				CLANG_ANALYZER_NONNULL = YES;
				CLANG_ANALYZER_NUMBER_OBJECT_CONVERSION = YES_AGGRESSIVE;
				CLANG_CXX_LANGUAGE_STANDARD = "gnu++14";
				CLANG_CXX_LIBRARY = "libc++";
				CLANG_ENABLE_MODULES = YES;
				CLANG_ENABLE_OBJC_ARC = YES;
				CLANG_ENABLE_OBJC_WEAK = YES;
				CLANG_WARN_BLOCK_CAPTURE_AUTORELEASING = YES;
				CLANG_WARN_BOOL_CONVERSION = YES;
				CLANG_WARN_COMMA = YES;
				CLANG_WARN_CONSTANT_CONVERSION = YES;
				CLANG_WARN_DEPRECATED_OBJC_IMPLEMENTATIONS = YES;
				CLANG_WARN_DIRECT_OBJC_ISA_USAGE = YES_ERROR;
				CLANG_WARN_DOCUMENTATION_COMMENTS = YES;
				CLANG_WARN_EMPTY_BODY = YES;
				CLANG_WARN_ENUM_CONVERSION = YES;
				CLANG_WARN_INFINITE_RECURSION = YES;
				CLANG_WARN_INT_CONVERSION = YES;
				CLANG_WARN_NON_LITERAL_NULL_CONVERSION = YES;
				CLANG_WARN_OBJC_IMPLICIT_RETAIN_SELF = YES;
				CLANG_WARN_OBJC_LITERAL_CONVERSION = YES;
				CLANG_WARN_OBJC_ROOT_CLASS = YES_ERROR;
				CLANG_WARN_RANGE_LOOP_ANALYSIS = YES;
				CLANG_WARN_STRICT_PROTOTYPES = YES;
				CLANG_WARN_SUSPICIOUS_MOVE = YES;
				CLANG_WARN_UNGUARDED_AVAILABILITY = YES_AGGRESSIVE;
				CLANG_WARN_UNREACHABLE_CODE = YES;
				CLANG_WARN__DUPLICATE_METHOD_MATCH = YES;
				COPY_PHASE_STRIP = NO;
				DEBUG_INFORMATION_FORMAT = "dwarf-with-dsym";
				ENABLE_NS_ASSERTIONS = NO;
				ENABLE_STRICT_OBJC_MSGSEND = YES;
				GCC_C_LANGUAGE_STANDARD = gnu11;
				GCC_NO_COMMON_BLOCKS = YES;
				GCC_WARN_64_TO_32_BIT_CONVERSION = YES;
				GCC_WARN_ABOUT_RETURN_TYPE = YES_ERROR;
				GCC_WARN_UNDECLARED_SELECTOR = YES;
				GCC_WARN_UNINITIALIZED_AUTOS = YES_AGGRESSIVE;
				GCC_WARN_UNUSED_FUNCTION = YES;
				GCC_WARN_UNUSED_VARIABLE = YES;
				IPHONEOS_DEPLOYMENT_TARGET = 13.4;
				MTL_ENABLE_DEBUG_INFO = NO;
				MTL_FAST_MATH = YES;
				SDKROOT = iphoneos;
				SWIFT_COMPILATION_MODE = wholemodule;
				SWIFT_OPTIMIZATION_LEVEL = "-O";
				VALIDATE_PRODUCT = YES;
			};
			name = Release;
		};
		1DDAB31224F940D000371954 /* Debug */ = {
			isa = XCBuildConfiguration;
			buildSettings = {
				ASSETCATALOG_COMPILER_APPICON_NAME = AppIcon;
				CODE_SIGN_STYLE = Automatic;
				DEVELOPMENT_TEAM = RN5436Z82S;
				INFOPLIST_FILE = "Smitskiy A.D. (Stocks)/Supports/Info.plist";
				LD_RUNPATH_SEARCH_PATHS = (
					"$(inherited)",
					"@executable_path/Frameworks",
				);
				PRODUCT_BUNDLE_IDENTIFIER = "Smitskiy-A.D..Smitskiy-A-D---Stocks-";
				PRODUCT_NAME = "$(TARGET_NAME)";
				SWIFT_VERSION = 5.0;
				TARGETED_DEVICE_FAMILY = "1,2";
			};
			name = Debug;
		};
		1DDAB31324F940D000371954 /* Release */ = {
			isa = XCBuildConfiguration;
			buildSettings = {
				ASSETCATALOG_COMPILER_APPICON_NAME = AppIcon;
				CODE_SIGN_STYLE = Automatic;
				DEVELOPMENT_TEAM = RN5436Z82S;
				INFOPLIST_FILE = "Smitskiy A.D. (Stocks)/Supports/Info.plist";
				LD_RUNPATH_SEARCH_PATHS = (
					"$(inherited)",
					"@executable_path/Frameworks",
				);
				PRODUCT_BUNDLE_IDENTIFIER = "Smitskiy-A.D..Smitskiy-A-D---Stocks-";
				PRODUCT_NAME = "$(TARGET_NAME)";
				SWIFT_VERSION = 5.0;
				TARGETED_DEVICE_FAMILY = "1,2";
			};
			name = Release;
		};
/* End XCBuildConfiguration section */

/* Begin XCConfigurationList section */
		1DDAB2F824F940CB00371954 /* Build configuration list for PBXProject "Smitskiy A.D. (Stocks)" */ = {
			isa = XCConfigurationList;
			buildConfigurations = (
				1DDAB30F24F940D000371954 /* Debug */,
				1DDAB31024F940D000371954 /* Release */,
			);
			defaultConfigurationIsVisible = 0;
			defaultConfigurationName = Release;
		};
		1DDAB31124F940D000371954 /* Build configuration list for PBXNativeTarget "Smitskiy A.D. (Stocks)" */ = {
			isa = XCConfigurationList;
			buildConfigurations = (
				1DDAB31224F940D000371954 /* Debug */,
				1DDAB31324F940D000371954 /* Release */,
			);
			defaultConfigurationIsVisible = 0;
			defaultConfigurationName = Release;
		};
/* End XCConfigurationList section */
	};
	rootObject = 1DDAB2F524F940CB00371954 /* Project object */;
}
